// !$*UTF8*$!
{
	archiveVersion = 1;
	classes = {
	};
	objectVersion = 46;
	objects = {

/* Begin PBXBuildFile section */
		65892807A1D7D3E357F202BE /* Pods_MovieViewer.framework in Frameworks */ = {isa = PBXBuildFile; fileRef = 15A46DF063F6C914EAC3AA78 /* Pods_MovieViewer.framework */; };
		8727FB731C4F2629004CFAFF /* AppDelegate.swift in Sources */ = {isa = PBXBuildFile; fileRef = 8727FB721C4F2629004CFAFF /* AppDelegate.swift */; };
		8727FB781C4F2629004CFAFF /* Main.storyboard in Resources */ = {isa = PBXBuildFile; fileRef = 8727FB761C4F2629004CFAFF /* Main.storyboard */; };
		8727FB7A1C4F2629004CFAFF /* Assets.xcassets in Resources */ = {isa = PBXBuildFile; fileRef = 8727FB791C4F2629004CFAFF /* Assets.xcassets */; };
		8727FB7D1C4F2629004CFAFF /* LaunchScreen.storyboard in Resources */ = {isa = PBXBuildFile; fileRef = 8727FB7B1C4F2629004CFAFF /* LaunchScreen.storyboard */; };
		8727FB851C4F2903004CFAFF /* MoviesViewController.swift in Sources */ = {isa = PBXBuildFile; fileRef = 8727FB841C4F2903004CFAFF /* MoviesViewController.swift */; };
		876A97381C6034C8000EDC63 /* DetailViewController.swift in Sources */ = {isa = PBXBuildFile; fileRef = 876A97371C6034C8000EDC63 /* DetailViewController.swift */; };
		87B25EF31C506EA600D7A9AA /* MovieCell.swift in Sources */ = {isa = PBXBuildFile; fileRef = 87B25EF21C506EA600D7A9AA /* MovieCell.swift */; };
/* End PBXBuildFile section */

/* Begin PBXFileReference section */
		15A46DF063F6C914EAC3AA78 /* Pods_MovieViewer.framework */ = {isa = PBXFileReference; explicitFileType = wrapper.framework; includeInIndex = 0; path = Pods_MovieViewer.framework; sourceTree = BUILT_PRODUCTS_DIR; };
		2E72230ACBF53D1F467F51AB /* Pods-MovieViewer.release.xcconfig */ = {isa = PBXFileReference; includeInIndex = 1; lastKnownFileType = text.xcconfig; name = "Pods-MovieViewer.release.xcconfig"; path = "Pods/Target Support Files/Pods-MovieViewer/Pods-MovieViewer.release.xcconfig"; sourceTree = "<group>"; };
		4A897799ECDDF9D1B121193A /* Pods-MovieViewer.debug.xcconfig */ = {isa = PBXFileReference; includeInIndex = 1; lastKnownFileType = text.xcconfig; name = "Pods-MovieViewer.debug.xcconfig"; path = "Pods/Target Support Files/Pods-MovieViewer/Pods-MovieViewer.debug.xcconfig"; sourceTree = "<group>"; };
		8727FB6F1C4F2629004CFAFF /* MovieViewer.app */ = {isa = PBXFileReference; explicitFileType = wrapper.application; includeInIndex = 0; path = MovieViewer.app; sourceTree = BUILT_PRODUCTS_DIR; };
		8727FB721C4F2629004CFAFF /* AppDelegate.swift */ = {isa = PBXFileReference; lastKnownFileType = sourcecode.swift; path = AppDelegate.swift; sourceTree = "<group>"; };
		8727FB771C4F2629004CFAFF /* Base */ = {isa = PBXFileReference; lastKnownFileType = file.storyboard; name = Base; path = Base.lproj/Main.storyboard; sourceTree = "<group>"; };
		8727FB791C4F2629004CFAFF /* Assets.xcassets */ = {isa = PBXFileReference; lastKnownFileType = folder.assetcatalog; path = Assets.xcassets; sourceTree = "<group>"; };
		8727FB7C1C4F2629004CFAFF /* Base */ = {isa = PBXFileReference; lastKnownFileType = file.storyboard; name = Base; path = Base.lproj/LaunchScreen.storyboard; sourceTree = "<group>"; };
		8727FB7E1C4F2629004CFAFF /* Info.plist */ = {isa = PBXFileReference; lastKnownFileType = text.plist.xml; path = Info.plist; sourceTree = "<group>"; };
		8727FB841C4F2903004CFAFF /* MoviesViewController.swift */ = {isa = PBXFileReference; fileEncoding = 4; lastKnownFileType = sourcecode.swift; path = MoviesViewController.swift; sourceTree = "<group>"; };
		876A97371C6034C8000EDC63 /* DetailViewController.swift */ = {isa = PBXFileReference; fileEncoding = 4; lastKnownFileType = sourcecode.swift; path = DetailViewController.swift; sourceTree = "<group>"; };
		87B25EF21C506EA600D7A9AA /* MovieCell.swift */ = {isa = PBXFileReference; fileEncoding = 4; lastKnownFileType = sourcecode.swift; path = MovieCell.swift; sourceTree = "<group>"; };
/* End PBXFileReference section */

/* Begin PBXFrameworksBuildPhase section */
		8727FB6C1C4F2629004CFAFF /* Frameworks */ = {
			isa = PBXFrameworksBuildPhase;
			buildActionMask = 2147483647;
			files = (
				65892807A1D7D3E357F202BE /* Pods_MovieViewer.framework in Frameworks */,
			);
			runOnlyForDeploymentPostprocessing = 0;
		};
/* End PBXFrameworksBuildPhase section */

/* Begin PBXGroup section */
		553989315A4303DE67466DE1 /* Pods */ = {
			isa = PBXGroup;
			children = (
				4A897799ECDDF9D1B121193A /* Pods-MovieViewer.debug.xcconfig */,
				2E72230ACBF53D1F467F51AB /* Pods-MovieViewer.release.xcconfig */,
			);
			name = Pods;
			sourceTree = "<group>";
		};
		8727FB661C4F2629004CFAFF = {
			isa = PBXGroup;
			children = (
				8727FB711C4F2629004CFAFF /* MovieViewer */,
				8727FB701C4F2629004CFAFF /* Products */,
				553989315A4303DE67466DE1 /* Pods */,
				EADAB871E48B42A29CFA057B /* Frameworks */,
			);
			sourceTree = "<group>";
		};
		8727FB701C4F2629004CFAFF /* Products */ = {
			isa = PBXGroup;
			children = (
				8727FB6F1C4F2629004CFAFF /* MovieViewer.app */,
			);
			name = Products;
			sourceTree = "<group>";
		};
		8727FB711C4F2629004CFAFF /* MovieViewer */ = {
			isa = PBXGroup;
			children = (
				87B25EF41C506EDD00D7A9AA /* View Controllers */,
				87B25EF11C506E4E00D7A9AA /* Views */,
				8727FB721C4F2629004CFAFF /* AppDelegate.swift */,
				8727FB761C4F2629004CFAFF /* Main.storyboard */,
				8727FB791C4F2629004CFAFF /* Assets.xcassets */,
				8727FB7B1C4F2629004CFAFF /* LaunchScreen.storyboard */,
				8727FB7E1C4F2629004CFAFF /* Info.plist */,
			);
			path = MovieViewer;
			sourceTree = "<group>";
		};
		87B25EF11C506E4E00D7A9AA /* Views */ = {
			isa = PBXGroup;
			children = (
				87B25EF21C506EA600D7A9AA /* MovieCell.swift */,
			);
			name = Views;
			sourceTree = "<group>";
		};
		87B25EF41C506EDD00D7A9AA /* View Controllers */ = {
			isa = PBXGroup;
			children = (
				8727FB841C4F2903004CFAFF /* MoviesViewController.swift */,
				876A97371C6034C8000EDC63 /* DetailViewController.swift */,
			);
			name = "View Controllers";
			sourceTree = "<group>";
		};
		EADAB871E48B42A29CFA057B /* Frameworks */ = {
			isa = PBXGroup;
			children = (
				15A46DF063F6C914EAC3AA78 /* Pods_MovieViewer.framework */,
			);
			name = Frameworks;
			sourceTree = "<group>";
		};
/* End PBXGroup section */

/* Begin PBXNativeTarget section */
		8727FB6E1C4F2629004CFAFF /* MovieViewer */ = {
			isa = PBXNativeTarget;
			buildConfigurationList = 8727FB811C4F2629004CFAFF /* Build configuration list for PBXNativeTarget "MovieViewer" */;
			buildPhases = (
				72979B7AFD49FC31DAD9FA83 /* Check Pods Manifest.lock */,
				8727FB6B1C4F2629004CFAFF /* Sources */,
				8727FB6C1C4F2629004CFAFF /* Frameworks */,
				8727FB6D1C4F2629004CFAFF /* Resources */,
				62A91963BB5FBB0D7BA1F5B0 /* Embed Pods Frameworks */,
				C18E3BB5E476508DEA974808 /* Copy Pods Resources */,
			);
			buildRules = (
			);
			dependencies = (
			);
			name = MovieViewer;
			productName = MovieViewer;
			productReference = 8727FB6F1C4F2629004CFAFF /* MovieViewer.app */;
			productType = "com.apple.product-type.application";
		};
/* End PBXNativeTarget section */

/* Begin PBXProject section */
		8727FB671C4F2629004CFAFF /* Project object */ = {
			isa = PBXProject;
			attributes = {
				LastSwiftUpdateCheck = 0720;
				LastUpgradeCheck = 0720;
				ORGANIZATIONNAME = KevinHo;
				TargetAttributes = {
					8727FB6E1C4F2629004CFAFF = {
						CreatedOnToolsVersion = 7.2;
					};
				};
			};
			buildConfigurationList = 8727FB6A1C4F2629004CFAFF /* Build configuration list for PBXProject "MovieViewer" */;
			compatibilityVersion = "Xcode 3.2";
			developmentRegion = English;
			hasScannedForEncodings = 0;
			knownRegions = (
				en,
				Base,
			);
			mainGroup = 8727FB661C4F2629004CFAFF;
			productRefGroup = 8727FB701C4F2629004CFAFF /* Products */;
			projectDirPath = "";
			projectRoot = "";
			targets = (
				8727FB6E1C4F2629004CFAFF /* MovieViewer */,
			);
		};
/* End PBXProject section */

/* Begin PBXResourcesBuildPhase section */
		8727FB6D1C4F2629004CFAFF /* Resources */ = {
			isa = PBXResourcesBuildPhase;
			buildActionMask = 2147483647;
			files = (
				8727FB7D1C4F2629004CFAFF /* LaunchScreen.storyboard in Resources */,
				8727FB7A1C4F2629004CFAFF /* Assets.xcassets in Resources */,
				8727FB781C4F2629004CFAFF /* Main.storyboard in Resources */,
			);
			runOnlyForDeploymentPostprocessing = 0;
		};
/* End PBXResourcesBuildPhase section */

/* Begin PBXShellScriptBuildPhase section */
		62A91963BB5FBB0D7BA1F5B0 /* Embed Pods Frameworks */ = {
			isa = PBXShellScriptBuildPhase;
			buildActionMask = 2147483647;
			files = (
			);
			inputPaths = (
			);
			name = "Embed Pods Frameworks";
			outputPaths = (
			);
			runOnlyForDeploymentPostprocessing = 0;
			shellPath = /bin/sh;
			shellScript = "\"${SRCROOT}/Pods/Target Support Files/Pods-MovieViewer/Pods-MovieViewer-frameworks.sh\"\n";
			showEnvVarsInLog = 0;
		};
		72979B7AFD49FC31DAD9FA83 /* Check Pods Manifest.lock */ = {
			isa = PBXShellScriptBuildPhase;
			buildActionMask = 2147483647;
			files = (
			);
			inputPaths = (
			);
			name = "Check Pods Manifest.lock";
			outputPaths = (
			);
			runOnlyForDeploymentPostprocessing = 0;
			shellPath = /bin/sh;
			shellScript = "diff \"${PODS_ROOT}/../Podfile.lock\" \"${PODS_ROOT}/Manifest.lock\" > /dev/null\nif [[ $? != 0 ]] ; then\n    cat << EOM\nerror: The sandbox is not in sync with the Podfile.lock. Run 'pod install' or update your CocoaPods installation.\nEOM\n    exit 1\nfi\n";
			showEnvVarsInLog = 0;
		};
		C18E3BB5E476508DEA974808 /* Copy Pods Resources */ = {
			isa = PBXShellScriptBuildPhase;
			buildActionMask = 2147483647;
			files = (
			);
			inputPaths = (
			);
			name = "Copy Pods Resources";
			outputPaths = (
			);
			runOnlyForDeploymentPostprocessing = 0;
			shellPath = /bin/sh;
			shellScript = "\"${SRCROOT}/Pods/Target Support Files/Pods-MovieViewer/Pods-MovieViewer-resources.sh\"\n";
			showEnvVarsInLog = 0;
		};
/* End PBXShellScriptBuildPhase section */

/* Begin PBXSourcesBuildPhase section */
		8727FB6B1C4F2629004CFAFF /* Sources */ = {
			isa = PBXSourcesBuildPhase;
			buildActionMask = 2147483647;
			files = (
				8727FB731C4F2629004CFAFF /* AppDelegate.swift in Sources */,
				8727FB851C4F2903004CFAFF /* MoviesViewController.swift in Sources */,
				87B25EF31C506EA600D7A9AA /* MovieCell.swift in Sources */,
				876A97381C6034C8000EDC63 /* DetailViewController.swift in Sources */,
			);
			runOnlyForDeploymentPostprocessing = 0;
		};
/* End PBXSourcesBuildPhase section */

/* Begin PBXVariantGroup section */
		8727FB761C4F2629004CFAFF /* Main.storyboard */ = {
			isa = PBXVariantGroup;
			children = (
				8727FB771C4F2629004CFAFF /* Base */,
			);
			name = Main.storyboard;
			sourceTree = "<group>";
		};
		8727FB7B1C4F2629004CFAFF /* LaunchScreen.storyboard */ = {
			isa = PBXVariantGroup;
			children = (
				8727FB7C1C4F2629004CFAFF /* Base */,
			);
			name = LaunchScreen.storyboard;
			sourceTree = "<group>";
		};
/* End PBXVariantGroup section */

/* Begin XCBuildConfiguration section */
		8727FB7F1C4F2629004CFAFF /* Debug */ = {
			isa = XCBuildConfiguration;
			buildSettings = {
				ALWAYS_SEARCH_USER_PATHS = NO;
				CLANG_CXX_LANGUAGE_STANDARD = "gnu++0x";
				CLANG_CXX_LIBRARY = "libc++";
				CLANG_ENABLE_MODULES = YES;
				CLANG_ENABLE_OBJC_ARC = YES;
				CLANG_WARN_BOOL_CONVERSION = YES;
				CLANG_WARN_CONSTANT_CONVERSION = YES;
				CLANG_WARN_DIRECT_OBJC_ISA_USAGE = YES_ERROR;
				CLANG_WARN_EMPTY_BODY = YES;
				CLANG_WARN_ENUM_CONVERSION = YES;
				CLANG_WARN_INT_CONVERSION = YES;
				CLANG_WARN_OBJC_ROOT_CLASS = YES_ERROR;
				CLANG_WARN_UNREACHABLE_CODE = YES;
				CLANG_WARN__DUPLICATE_METHOD_MATCH = YES;
				"CODE_SIGN_IDENTITY[sdk=iphoneos*]" = "iPhone Developer";
				COPY_PHASE_STRIP = NO;
				DEBUG_INFORMATION_FORMAT = dwarf;
				ENABLE_STRICT_OBJC_MSGSEND = YES;
				ENABLE_TESTABILITY = YES;
				GCC_C_LANGUAGE_STANDARD = gnu99;
				GCC_DYNAMIC_NO_PIC = NO;
				GCC_NO_COMMON_BLOCKS = YES;
				GCC_OPTIMIZATION_LEVEL = 0;
				GCC_PREPROCESSOR_DEFINITIONS = (
					"DEBUG=1",
					"$(inherited)",
				);
				GCC_WARN_64_TO_32_BIT_CONVERSION = YES;
				GCC_WARN_ABOUT_RETURN_TYPE = YES_ERROR;
				GCC_WARN_UNDECLARED_SELECTOR = YES;
				GCC_WARN_UNINITIALIZED_AUTOS = YES_AGGRESSIVE;
				GCC_WARN_UNUSED_FUNCTION = YES;
				GCC_WARN_UNUSED_VARIABLE = YES;
				IPHONEOS_DEPLOYMENT_TARGET = 9.2;
				MTL_ENABLE_DEBUG_INFO = YES;
				ONLY_ACTIVE_ARCH = YES;
				SDKROOT = iphoneos;
				SWIFT_OPTIMIZATION_LEVEL = "-Onone";
			};
			name = Debug;
		};
		8727FB801C4F2629004CFAFF /* Release */ = {
			isa = XCBuildConfiguration;
			buildSettings = {
				ALWAYS_SEARCH_USER_PATHS = NO;
				CLANG_CXX_LANGUAGE_STANDARD = "gnu++0x";
				CLANG_CXX_LIBRARY = "libc++";
				CLANG_ENABLE_MODULES = YES;
				CLANG_ENABLE_OBJC_ARC = YES;
				CLANG_WARN_BOOL_CONVERSION = YES;
				CLANG_WARN_CONSTANT_CONVERSION = YES;
				CLANG_WARN_DIRECT_OBJC_ISA_USAGE = YES_ERROR;
				CLANG_WARN_EMPTY_BODY = YES;
				CLANG_WARN_ENUM_CONVERSION = YES;
				CLANG_WARN_INT_CONVERSION = YES;
				CLANG_WARN_OBJC_ROOT_CLASS = YES_ERROR;
				CLANG_WARN_UNREACHABLE_CODE = YES;
				CLANG_WARN__DUPLICATE_METHOD_MATCH = YES;
				"CODE_SIGN_IDENTITY[sdk=iphoneos*]" = "iPhone Developer";
				COPY_PHASE_STRIP = NO;
				DEBUG_INFORMATION_FORMAT = "dwarf-with-dsym";
				ENABLE_NS_ASSERTIONS = NO;
				ENABLE_STRICT_OBJC_MSGSEND = YES;
				GCC_C_LANGUAGE_STANDARD = gnu99;
				GCC_NO_COMMON_BLOCKS = YES;
				GCC_WARN_64_TO_32_BIT_CONVERSION = YES;
				GCC_WARN_ABOUT_RETURN_TYPE = YES_ERROR;
				GCC_WARN_UNDECLARED_SELECTOR = YES;
				GCC_WARN_UNINITIALIZED_AUTOS = YES_AGGRESSIVE;
				GCC_WARN_UNUSED_FUNCTION = YES;
				GCC_WARN_UNUSED_VARIABLE = YES;
				IPHONEOS_DEPLOYMENT_TARGET = 9.2;
				MTL_ENABLE_DEBUG_INFO = NO;
				SDKROOT = iphoneos;
				VALIDATE_PRODUCT = YES;
			};
			name = Release;
		};
		8727FB821C4F2629004CFAFF /* Debug */ = {
			isa = XCBuildConfiguration;
			baseConfigurationReference = 4A897799ECDDF9D1B121193A /* Pods-MovieViewer.debug.xcconfig */;
			buildSettings = {
				ASSETCATALOG_COMPILER_APPICON_NAME = AppIcon;
				INFOPLIST_FILE = MovieViewer/Info.plist;
				LD_RUNPATH_SEARCH_PATHS = "$(inherited) @executable_path/Frameworks";
				PRODUCT_BUNDLE_IDENTIFIER = KevinHo.MovieViewer;
				PRODUCT_NAME = "$(TARGET_NAME)";
			};
			name = Debug;
		};
		8727FB831C4F2629004CFAFF /* Release */ = {
			isa = XCBuildConfiguration;
			baseConfigurationReference = 2E72230ACBF53D1F467F51AB /* Pods-MovieViewer.release.xcconfig */;
			buildSettings = {
				ASSETCATALOG_COMPILER_APPICON_NAME = AppIcon;
				INFOPLIST_FILE = MovieViewer/Info.plist;
				LD_RUNPATH_SEARCH_PATHS = "$(inherited) @executable_path/Frameworks";
				PRODUCT_BUNDLE_IDENTIFIER = KevinHo.MovieViewer;
				PRODUCT_NAME = "$(TARGET_NAME)";
			};
			name = Release;
		};
/* End XCBuildConfiguration section */

/* Begin XCConfigurationList section */
		8727FB6A1C4F2629004CFAFF /* Build configuration list for PBXProject "MovieViewer" */ = {
			isa = XCConfigurationList;
			buildConfigurations = (
				8727FB7F1C4F2629004CFAFF /* Debug */,
				8727FB801C4F2629004CFAFF /* Release */,
			);
			defaultConfigurationIsVisible = 0;
			defaultConfigurationName = Release;
		};
		8727FB811C4F2629004CFAFF /* Build configuration list for PBXNativeTarget "MovieViewer" */ = {
			isa = XCConfigurationList;
			buildConfigurations = (
				8727FB821C4F2629004CFAFF /* Debug */,
				8727FB831C4F2629004CFAFF /* Release */,
			);
			defaultConfigurationIsVisible = 0;
			defaultConfigurationName = Release;
		};
/* End XCConfigurationList section */
	};
	rootObject = 8727FB671C4F2629004CFAFF /* Project object */;
}
